// !$*UTF8*$!
{
	archiveVersion = 1;
	classes = {
	};
	objectVersion = 46;
	objects = {

/* Begin PBXBuildFile section */
		2493DA501F56B5DD00674439 /* AppDelegate.swift in Sources */ = {isa = PBXBuildFile; fileRef = 2493DA4F1F56B5DD00674439 /* AppDelegate.swift */; };
		2493DA521F56B5DD00674439 /* ViewController.swift in Sources */ = {isa = PBXBuildFile; fileRef = 2493DA511F56B5DD00674439 /* ViewController.swift */; };
		2493DA551F56B5DD00674439 /* Main.storyboard in Resources */ = {isa = PBXBuildFile; fileRef = 2493DA531F56B5DD00674439 /* Main.storyboard */; };
		2493DA571F56B5DD00674439 /* Assets.xcassets in Resources */ = {isa = PBXBuildFile; fileRef = 2493DA561F56B5DD00674439 /* Assets.xcassets */; };
		2493DA5A1F56B5DD00674439 /* LaunchScreen.storyboard in Resources */ = {isa = PBXBuildFile; fileRef = 2493DA581F56B5DD00674439 /* LaunchScreen.storyboard */; };
		2493DA621F56BA8900674439 /* Person.png in Resources */ = {isa = PBXBuildFile; fileRef = 2493DA611F56BA8900674439 /* Person.png */; };
		2493DA641F56BF4000674439 /* SummaryViewController.swift in Sources */ = {isa = PBXBuildFile; fileRef = 2493DA631F56BF4000674439 /* SummaryViewController.swift */; };
/* End PBXBuildFile section */

/* Begin PBXFileReference section */
		2493DA4C1F56B5DD00674439 /* ContactCard.app */ = {isa = PBXFileReference; explicitFileType = wrapper.application; includeInIndex = 0; path = ContactCard.app; sourceTree = BUILT_PRODUCTS_DIR; };
		2493DA4F1F56B5DD00674439 /* AppDelegate.swift */ = {isa = PBXFileReference; lastKnownFileType = sourcecode.swift; path = AppDelegate.swift; sourceTree = "<group>"; };
		2493DA511F56B5DD00674439 /* ViewController.swift */ = {isa = PBXFileReference; lastKnownFileType = sourcecode.swift; path = ViewController.swift; sourceTree = "<group>"; };
		2493DA541F56B5DD00674439 /* Base */ = {isa = PBXFileReference; lastKnownFileType = file.storyboard; name = Base; path = Base.lproj/Main.storyboard; sourceTree = "<group>"; };
		2493DA561F56B5DD00674439 /* Assets.xcassets */ = {isa = PBXFileReference; lastKnownFileType = folder.assetcatalog; path = Assets.xcassets; sourceTree = "<group>"; };
		2493DA591F56B5DD00674439 /* Base */ = {isa = PBXFileReference; lastKnownFileType = file.storyboard; name = Base; path = Base.lproj/LaunchScreen.storyboard; sourceTree = "<group>"; };
		2493DA5B1F56B5DD00674439 /* Info.plist */ = {isa = PBXFileReference; lastKnownFileType = text.plist.xml; path = Info.plist; sourceTree = "<group>"; };
		2493DA611F56BA8900674439 /* Person.png */ = {isa = PBXFileReference; lastKnownFileType = image.png; name = Person.png; path = ../../../Downloads/Person.png; sourceTree = "<group>"; };
		2493DA631F56BF4000674439 /* SummaryViewController.swift */ = {isa = PBXFileReference; fileEncoding = 4; lastKnownFileType = sourcecode.swift; path = SummaryViewController.swift; sourceTree = "<group>"; };
/* End PBXFileReference section */

/* Begin PBXFrameworksBuildPhase section */
		2493DA491F56B5DD00674439 /* Frameworks */ = {
			isa = PBXFrameworksBuildPhase;
			buildActionMask = 2147483647;
			files = (
			);
			runOnlyForDeploymentPostprocessing = 0;
		};
/* End PBXFrameworksBuildPhase section */

/* Begin PBXGroup section */
		2493DA431F56B5DD00674439 = {
			isa = PBXGroup;
			children = (
				2493DA4E1F56B5DD00674439 /* ContactCard */,
				2493DA4D1F56B5DD00674439 /* Products */,
			);
			sourceTree = "<group>";
		};
		2493DA4D1F56B5DD00674439 /* Products */ = {
			isa = PBXGroup;
			children = (
				2493DA4C1F56B5DD00674439 /* ContactCard.app */,
			);
			name = Products;
			sourceTree = "<group>";
		};
		2493DA4E1F56B5DD00674439 /* ContactCard */ = {
			isa = PBXGroup;
			children = (
				2493DA4F1F56B5DD00674439 /* AppDelegate.swift */,
				2493DA511F56B5DD00674439 /* ViewController.swift */,
				2493DA531F56B5DD00674439 /* Main.storyboard */,
				2493DA561F56B5DD00674439 /* Assets.xcassets */,
				2493DA611F56BA8900674439 /* Person.png */,
				2493DA581F56B5DD00674439 /* LaunchScreen.storyboard */,
				2493DA5B1F56B5DD00674439 /* Info.plist */,
				2493DA631F56BF4000674439 /* SummaryViewController.swift */,
			);
			path = ContactCard;
			sourceTree = "<group>";
		};
/* End PBXGroup section */

/* Begin PBXNativeTarget section */
		2493DA4B1F56B5DD00674439 /* ContactCard */ = {
			isa = PBXNativeTarget;
			buildConfigurationList = 2493DA5E1F56B5DD00674439 /* Build configuration list for PBXNativeTarget "ContactCard" */;
			buildPhases = (
				2493DA481F56B5DD00674439 /* Sources */,
				2493DA491F56B5DD00674439 /* Frameworks */,
				2493DA4A1F56B5DD00674439 /* Resources */,
			);
			buildRules = (
			);
			dependencies = (
			);
			name = ContactCard;
			productName = ContactCard;
			productReference = 2493DA4C1F56B5DD00674439 /* ContactCard.app */;
			productType = "com.apple.product-type.application";
		};
/* End PBXNativeTarget section */

/* Begin PBXProject section */
		2493DA441F56B5DD00674439 /* Project object */ = {
			isa = PBXProject;
			attributes = {
				LastSwiftUpdateCheck = 0820;
				LastUpgradeCheck = 0820;
				ORGANIZATIONNAME = "Nick Bosman";
				TargetAttributes = {
					2493DA4B1F56B5DD00674439 = {
						CreatedOnToolsVersion = 8.2;
						ProvisioningStyle = Automatic;
					};
				};
			};
			buildConfigurationList = 2493DA471F56B5DD00674439 /* Build configuration list for PBXProject "ContactCard" */;
			compatibilityVersion = "Xcode 3.2";
			developmentRegion = English;
			hasScannedForEncodings = 0;
			knownRegions = (
				en,
				Base,
			);
			mainGroup = 2493DA431F56B5DD00674439;
			productRefGroup = 2493DA4D1F56B5DD00674439 /* Products */;
			projectDirPath = "";
			projectRoot = "";
			targets = (
				2493DA4B1F56B5DD00674439 /* ContactCard */,
			);
		};
/* End PBXProject section */

/* Begin PBXResourcesBuildPhase section */
		2493DA4A1F56B5DD00674439 /* Resources */ = {
			isa = PBXResourcesBuildPhase;
			buildActionMask = 2147483647;
			files = (
				2493DA621F56BA8900674439 /* Person.png in Resources */,
				2493DA5A1F56B5DD00674439 /* LaunchScreen.storyboard in Resources */,
				2493DA571F56B5DD00674439 /* Assets.xcassets in Resources */,
				2493DA551F56B5DD00674439 /* Main.storyboard in Resources */,
			);
			runOnlyForDeploymentPostprocessing = 0;
		};
/* End PBXResourcesBuildPhase section */

/* Begin PBXSourcesBuildPhase section */
		2493DA481F56B5DD00674439 /* Sources */ = {
			isa = PBXSourcesBuildPhase;
			buildActionMask = 2147483647;
			files = (
				2493DA521F56B5DD00674439 /* ViewController.swift in Sources */,
				2493DA501F56B5DD00674439 /* AppDelegate.swift in Sources */,
				2493DA641F56BF4000674439 /* SummaryViewController.swift in Sources */,
			);
			runOnlyForDeploymentPostprocessing = 0;
		};
/* End PBXSourcesBuildPhase section */

/* Begin PBXVariantGroup section */
		2493DA531F56B5DD00674439 /* Main.storyboard */ = {
			isa = PBXVariantGroup;
			children = (
				2493DA541F56B5DD00674439 /* Base */,
			);
			name = Main.storyboard;
			sourceTree = "<group>";
		};
		2493DA581F56B5DD00674439 /* LaunchScreen.storyboard */ = {
			isa = PBXVariantGroup;
			children = (
				2493DA591F56B5DD00674439 /* Base */,
			);
			name = LaunchScreen.storyboard;
			sourceTree = "<group>";
		};
/* End PBXVariantGroup section */

/* Begin XCBuildConfiguration section */
		2493DA5C1F56B5DD00674439 /* Debug */ = {
			isa = XCBuildConfiguration;
			buildSettings = {
				ALWAYS_SEARCH_USER_PATHS = NO;
				CLANG_ANALYZER_NONNULL = YES;
				CLANG_CXX_LANGUAGE_STANDARD = "gnu++0x";
				CLANG_CXX_LIBRARY = "libc++";
				CLANG_ENABLE_MODULES = YES;
				CLANG_ENABLE_OBJC_ARC = YES;
				CLANG_WARN_BOOL_CONVERSION = YES;
				CLANG_WARN_CONSTANT_CONVERSION = YES;
				CLANG_WARN_DIRECT_OBJC_ISA_USAGE = YES_ERROR;
				CLANG_WARN_DOCUMENTATION_COMMENTS = YES;
				CLANG_WARN_EMPTY_BODY = YES;
				CLANG_WARN_ENUM_CONVERSION = YES;
				CLANG_WARN_INFINITE_RECURSION = YES;
				CLANG_WARN_INT_CONVERSION = YES;
				CLANG_WARN_OBJC_ROOT_CLASS = YES_ERROR;
				CLANG_WARN_SUSPICIOUS_MOVE = YES;
				CLANG_WARN_UNREACHABLE_CODE = YES;
				CLANG_WARN__DUPLICATE_METHOD_MATCH = YES;
				"CODE_SIGN_IDENTITY[sdk=iphoneos*]" = "iPhone Developer";
				COPY_PHASE_STRIP = NO;
				DEBUG_INFORMATION_FORMAT = dwarf;
				ENABLE_STRICT_OBJC_MSGSEND = YES;
				ENABLE_TESTABILITY = YES;
				GCC_C_LANGUAGE_STANDARD = gnu99;
				GCC_DYNAMIC_NO_PIC = NO;
				GCC_NO_COMMON_BLOCKS = YES;
				GCC_OPTIMIZATION_LEVEL = 0;
				GCC_PREPROCESSOR_DEFINITIONS = (
					"DEBUG=1",
					"$(inherited)",
				);
				GCC_WARN_64_TO_32_BIT_CONVERSION = YES;
				GCC_WARN_ABOUT_RETURN_TYPE = YES_ERROR;
				GCC_WARN_UNDECLARED_SELECTOR = YES;
				GCC_WARN_UNINITIALIZED_AUTOS = YES_AGGRESSIVE;
				GCC_WARN_UNUSED_FUNCTION = YES;
				GCC_WARN_UNUSED_VARIABLE = YES;
				IPHONEOS_DEPLOYMENT_TARGET = 10.2;
				MTL_ENABLE_DEBUG_INFO = YES;
				ONLY_ACTIVE_ARCH = YES;
				SDKROOT = iphoneos;
				SWIFT_ACTIVE_COMPILATION_CONDITIONS = DEBUG;
				SWIFT_OPTIMIZATION_LEVEL = "-Onone";
				TARGETED_DEVICE_FAMILY = "1,2";
			};
			name = Debug;
		};
		2493DA5D1F56B5DD00674439 /* Release */ = {
			isa = XCBuildConfiguration;
			buildSettings = {
				ALWAYS_SEARCH_USER_PATHS = NO;
				CLANG_ANALYZER_NONNULL = YES;
				CLANG_CXX_LANGUAGE_STANDARD = "gnu++0x";
				CLANG_CXX_LIBRARY = "libc++";
				CLANG_ENABLE_MODULES = YES;
				CLANG_ENABLE_OBJC_ARC = YES;
				CLANG_WARN_BOOL_CONVERSION = YES;
				CLANG_WARN_CONSTANT_CONVERSION = YES;
				CLANG_WARN_DIRECT_OBJC_ISA_USAGE = YES_ERROR;
				CLANG_WARN_DOCUMENTATION_COMMENTS = YES;
				CLANG_WARN_EMPTY_BODY = YES;
				CLANG_WARN_ENUM_CONVERSION = YES;
				CLANG_WARN_INFINITE_RECURSION = YES;
				CLANG_WARN_INT_CONVERSION = YES;
				CLANG_WARN_OBJC_ROOT_CLASS = YES_ERROR;
				CLANG_WARN_SUSPICIOUS_MOVE = YES;
				CLANG_WARN_UNREACHABLE_CODE = YES;
				CLANG_WARN__DUPLICATE_METHOD_MATCH = YES;
				"CODE_SIGN_IDENTITY[sdk=iphoneos*]" = "iPhone Developer";
				COPY_PHASE_STRIP = NO;
				DEBUG_INFORMATION_FORMAT = "dwarf-with-dsym";
				ENABLE_NS_ASSERTIONS = NO;
				ENABLE_STRICT_OBJC_MSGSEND = YES;
				GCC_C_LANGUAGE_STANDARD = gnu99;
				GCC_NO_COMMON_BLOCKS = YES;
				GCC_WARN_64_TO_32_BIT_CONVERSION = YES;
				GCC_WARN_ABOUT_RETURN_TYPE = YES_ERROR;
				GCC_WARN_UNDECLARED_SELECTOR = YES;
				GCC_WARN_UNINITIALIZED_AUTOS = YES_AGGRESSIVE;
				GCC_WARN_UNUSED_FUNCTION = YES;
				GCC_WARN_UNUSED_VARIABLE = YES;
				IPHONEOS_DEPLOYMENT_TARGET = 10.2;
				MTL_ENABLE_DEBUG_INFO = NO;
				SDKROOT = iphoneos;
				SWIFT_OPTIMIZATION_LEVEL = "-Owholemodule";
				TARGETED_DEVICE_FAMILY = "1,2";
				VALIDATE_PRODUCT = YES;
			};
			name = Release;
		};
		2493DA5F1F56B5DD00674439 /* Debug */ = {
			isa = XCBuildConfiguration;
			buildSettings = {
				ASSETCATALOG_COMPILER_APPICON_NAME = AppIcon;
				INFOPLIST_FILE = ContactCard/Info.plist;
				LD_RUNPATH_SEARCH_PATHS = "$(inherited) @executable_path/Frameworks";
				PRODUCT_BUNDLE_IDENTIFIER = avansWorkshop.ContactCard;
				PRODUCT_NAME = "$(TARGET_NAME)";
				SWIFT_VERSION = 3.0;
			};
			name = Debug;
		};
		2493DA601F56B5DD00674439 /* Release */ = {
			isa = XCBuildConfiguration;
			buildSettings = {
				ASSETCATALOG_COMPILER_APPICON_NAME = AppIcon;
				INFOPLIST_FILE = ContactCard/Info.plist;
				LD_RUNPATH_SEARCH_PATHS = "$(inherited) @executable_path/Frameworks";
				PRODUCT_BUNDLE_IDENTIFIER = avansWorkshop.ContactCard;
				PRODUCT_NAME = "$(TARGET_NAME)";
				SWIFT_VERSION = 3.0;
			};
			name = Release;
		};
/* End XCBuildConfiguration section */

/* Begin XCConfigurationList section */
		2493DA471F56B5DD00674439 /* Build configuration list for PBXProject "ContactCard" */ = {
			isa = XCConfigurationList;
			buildConfigurations = (
				2493DA5C1F56B5DD00674439 /* Debug */,
				2493DA5D1F56B5DD00674439 /* Release */,
			);
			defaultConfigurationIsVisible = 0;
			defaultConfigurationName = Release;
		};
		2493DA5E1F56B5DD00674439 /* Build configuration list for PBXNativeTarget "ContactCard" */ = {
			isa = XCConfigurationList;
			buildConfigurations = (
				2493DA5F1F56B5DD00674439 /* Debug */,
				2493DA601F56B5DD00674439 /* Release */,
			);
			defaultConfigurationIsVisible = 0;
		};
/* End XCConfigurationList section */
	};
	rootObject = 2493DA441F56B5DD00674439 /* Project object */;
}
